
Microsoft Visual Studio Solution File, Format Version 10.00
# Visual Studio 2008
Project("{8BC9CEB8-8B4A-11D0-8D11-00A0C91BC942}") = "ReathaDesktop", "ReathaDesktop.vcproj", "{7F29A3C5-A0D2-3186-B0BA-11961BFC1D63}"
EndProject
Global
	GlobalSection(SolutionConfigurationPlatforms) = preSolution
		Debug|Win32 = Debug|Win32
		Release|Win32 = Release|Win32
	EndGlobalSection
	GlobalSection(ProjectConfigurationPlatforms) = postSolution
		{7F29A3C5-A0D2-3186-B0BA-11961BFC1D63}.Debug|Win32.ActiveCfg = Debug|Win32
		{7F29A3C5-A0D2-3186-B0BA-11961BFC1D63}.Debug|Win32.Build.0 = Debug|Win32
		{7F29A3C5-A0D2-3186-B0BA-11961BFC1D63}.Release|Win32.ActiveCfg = Release|Win32
		{7F29A3C5-A0D2-3186-B0BA-11961BFC1D63}.Release|Win32.Build.0 = Release|Win32
	EndGlobalSection
	GlobalSection(SolutionProperties) = preSolution
		HideSolutionNode = FALSE
	EndGlobalSection
EndGlobal
